
Microsoft Visual Studio Solution File, Format Version 12.00
# Visual Studio Version 17
VisualStudioVersion = 17.0.32126.317
MinimumVisualStudioVersion = 10.0.40219.1
Project("{9A19103F-16F7-4668-BE54-9A1E7A4F7556}") = "SampleSinglePageApplication.DataObjects", "SampleSinglePageApplication.DataObjects\SampleSinglePageApplication.DataObjects.csproj", "{81023A38-1767-4660-8E52-472371AF6958}"
EndProject
Project("{9A19103F-16F7-4668-BE54-9A1E7A4F7556}") = "SampleSinglePageApplication.EFModels", "SampleSinglePageApplication.EFModels\SampleSinglePageApplication.EFModels.csproj", "{726EE0E8-B7E0-4780-A620-479C71396F29}"
EndProject
Project("{9A19103F-16F7-4668-BE54-9A1E7A4F7556}") = "SampleSinglePageApplication.DataAccess", "SampleSinglePageApplication.DataAccess\SampleSinglePageApplication.DataAccess.csproj", "{6150945D-C9FF-456F-AA0C-9B1FDFDD6450}"
EndProject
Project("{9A19103F-16F7-4668-BE54-9A1E7A4F7556}") = "SampleSinglePageApplication.Utilities", "SampleSinglePageApplication.Utilities\SampleSinglePageApplication.Utilities.csproj", "{1E45911A-6E88-4860-B145-7FB05EDAC312}"
EndProject
Project("{9A19103F-16F7-4668-BE54-9A1E7A4F7556}") = "SampleSinglePageApplication.Web", "SampleSinglePageApplication.Web\SampleSinglePageApplication.Web.csproj", "{81A186E5-82BE-4BF5-AE37-E8069C409DC2}"
EndProject
Project("{2150E333-8FDC-42A3-9474-1A3956D46DE8}") = "Solution Items", "Solution Items", "{74338AC5-5C4A-4599-8BF1-A231B99054DD}"
	ProjectSection(SolutionItems) = preProject
		..\.gitignore = ..\.gitignore
	EndProjectSection
EndProject
Project("{A07B5EB6-E848-4116-A8D0-A826331D98C6}") = "SampleSinglePageApplication.SF", "SampleSinglePageApplication.SF\SampleSinglePageApplication.SF.sfproj", "{6AA52692-53E3-4DB8-8CBE-718212013650}"
EndProject
Project("{9A19103F-16F7-4668-BE54-9A1E7A4F7556}") = "SampleSinglePageApplicaton.TestService", "SampleSinglePageApplicaton.TestService\SampleSinglePageApplicaton.TestService.csproj", "{5E6A834E-D7C9-42F5-8E2C-CD4CA7828F9B}"
EndProject
Project("{FAE04EC0-301F-11D3-BF4B-00C04F79EFBC}") = "SampleSinglePageApplication.Selenium", "SampleSinglePageApplication.Selenium\SampleSinglePageApplication.Selenium.csproj", "{E48DD69B-FF30-4AC1-952D-1FDEE14039C3}"
EndProject
Global
	GlobalSection(SolutionConfigurationPlatforms) = preSolution
		Debug|Any CPU = Debug|Any CPU
		Debug|x64 = Debug|x64
		Release|Any CPU = Release|Any CPU
		Release|x64 = Release|x64
	EndGlobalSection
	GlobalSection(ProjectConfigurationPlatforms) = postSolution
		{81023A38-1767-4660-8E52-472371AF6958}.Debug|Any CPU.ActiveCfg = Debug|Any CPU
		{81023A38-1767-4660-8E52-472371AF6958}.Debug|Any CPU.Build.0 = Debug|Any CPU
		{81023A38-1767-4660-8E52-472371AF6958}.Debug|x64.ActiveCfg = Debug|Any CPU
		{81023A38-1767-4660-8E52-472371AF6958}.Debug|x64.Build.0 = Debug|Any CPU
		{81023A38-1767-4660-8E52-472371AF6958}.Release|Any CPU.ActiveCfg = Release|Any CPU
		{81023A38-1767-4660-8E52-472371AF6958}.Release|Any CPU.Build.0 = Release|Any CPU
		{81023A38-1767-4660-8E52-472371AF6958}.Release|x64.ActiveCfg = Release|Any CPU
		{81023A38-1767-4660-8E52-472371AF6958}.Release|x64.Build.0 = Release|Any CPU
		{726EE0E8-B7E0-4780-A620-479C71396F29}.Debug|Any CPU.ActiveCfg = Debug|Any CPU
		{726EE0E8-B7E0-4780-A620-479C71396F29}.Debug|Any CPU.Build.0 = Debug|Any CPU
		{726EE0E8-B7E0-4780-A620-479C71396F29}.Debug|x64.ActiveCfg = Debug|Any CPU
		{726EE0E8-B7E0-4780-A620-479C71396F29}.Debug|x64.Build.0 = Debug|Any CPU
		{726EE0E8-B7E0-4780-A620-479C71396F29}.Release|Any CPU.ActiveCfg = Release|Any CPU
		{726EE0E8-B7E0-4780-A620-479C71396F29}.Release|Any CPU.Build.0 = Release|Any CPU
		{726EE0E8-B7E0-4780-A620-479C71396F29}.Release|x64.ActiveCfg = Release|Any CPU
		{726EE0E8-B7E0-4780-A620-479C71396F29}.Release|x64.Build.0 = Release|Any CPU
		{6150945D-C9FF-456F-AA0C-9B1FDFDD6450}.Debug|Any CPU.ActiveCfg = Debug|Any CPU
		{6150945D-C9FF-456F-AA0C-9B1FDFDD6450}.Debug|Any CPU.Build.0 = Debug|Any CPU
		{6150945D-C9FF-456F-AA0C-9B1FDFDD6450}.Debug|x64.ActiveCfg = Debug|Any CPU
		{6150945D-C9FF-456F-AA0C-9B1FDFDD6450}.Debug|x64.Build.0 = Debug|Any CPU
		{6150945D-C9FF-456F-AA0C-9B1FDFDD6450}.Release|Any CPU.ActiveCfg = Release|Any CPU
		{6150945D-C9FF-456F-AA0C-9B1FDFDD6450}.Release|Any CPU.Build.0 = Release|Any CPU
		{6150945D-C9FF-456F-AA0C-9B1FDFDD6450}.Release|x64.ActiveCfg = Release|Any CPU
		{6150945D-C9FF-456F-AA0C-9B1FDFDD6450}.Release|x64.Build.0 = Release|Any CPU
		{1E45911A-6E88-4860-B145-7FB05EDAC312}.Debug|Any CPU.ActiveCfg = Debug|Any CPU
		{1E45911A-6E88-4860-B145-7FB05EDAC312}.Debug|Any CPU.Build.0 = Debug|Any CPU
		{1E45911A-6E88-4860-B145-7FB05EDAC312}.Debug|x64.ActiveCfg = Debug|Any CPU
		{1E45911A-6E88-4860-B145-7FB05EDAC312}.Debug|x64.Build.0 = Debug|Any CPU
		{1E45911A-6E88-4860-B145-7FB05EDAC312}.Release|Any CPU.ActiveCfg = Release|Any CPU
		{1E45911A-6E88-4860-B145-7FB05EDAC312}.Release|Any CPU.Build.0 = Release|Any CPU
		{1E45911A-6E88-4860-B145-7FB05EDAC312}.Release|x64.ActiveCfg = Release|Any CPU
		{1E45911A-6E88-4860-B145-7FB05EDAC312}.Release|x64.Build.0 = Release|Any CPU
		{81A186E5-82BE-4BF5-AE37-E8069C409DC2}.Debug|Any CPU.ActiveCfg = Debug|Any CPU
		{81A186E5-82BE-4BF5-AE37-E8069C409DC2}.Debug|Any CPU.Build.0 = Debug|Any CPU
		{81A186E5-82BE-4BF5-AE37-E8069C409DC2}.Debug|x64.ActiveCfg = Debug|Any CPU
		{81A186E5-82BE-4BF5-AE37-E8069C409DC2}.Debug|x64.Build.0 = Debug|Any CPU
		{81A186E5-82BE-4BF5-AE37-E8069C409DC2}.Release|Any CPU.ActiveCfg = Release|Any CPU
		{81A186E5-82BE-4BF5-AE37-E8069C409DC2}.Release|Any CPU.Build.0 = Release|Any CPU
		{81A186E5-82BE-4BF5-AE37-E8069C409DC2}.Release|x64.ActiveCfg = Release|Any CPU
		{81A186E5-82BE-4BF5-AE37-E8069C409DC2}.Release|x64.Build.0 = Release|Any CPU
		{6AA52692-53E3-4DB8-8CBE-718212013650}.Debug|Any CPU.ActiveCfg = Debug|x64
		{6AA52692-53E3-4DB8-8CBE-718212013650}.Debug|Any CPU.Build.0 = Debug|x64
		{6AA52692-53E3-4DB8-8CBE-718212013650}.Debug|Any CPU.Deploy.0 = Debug|x64
		{6AA52692-53E3-4DB8-8CBE-718212013650}.Debug|x64.ActiveCfg = Debug|x64
		{6AA52692-53E3-4DB8-8CBE-718212013650}.Debug|x64.Build.0 = Debug|x64
		{6AA52692-53E3-4DB8-8CBE-718212013650}.Debug|x64.Deploy.0 = Debug|x64
		{6AA52692-53E3-4DB8-8CBE-718212013650}.Release|Any CPU.ActiveCfg = Release|x64
		{6AA52692-53E3-4DB8-8CBE-718212013650}.Release|Any CPU.Build.0 = Release|x64
		{6AA52692-53E3-4DB8-8CBE-718212013650}.Release|Any CPU.Deploy.0 = Release|x64
		{6AA52692-53E3-4DB8-8CBE-718212013650}.Release|x64.ActiveCfg = Release|x64
		{6AA52692-53E3-4DB8-8CBE-718212013650}.Release|x64.Build.0 = Release|x64
		{6AA52692-53E3-4DB8-8CBE-718212013650}.Release|x64.Deploy.0 = Release|x64
		{5E6A834E-D7C9-42F5-8E2C-CD4CA7828F9B}.Debug|Any CPU.ActiveCfg = Debug|Any CPU
		{5E6A834E-D7C9-42F5-8E2C-CD4CA7828F9B}.Debug|Any CPU.Build.0 = Debug|Any CPU
		{5E6A834E-D7C9-42F5-8E2C-CD4CA7828F9B}.Debug|x64.ActiveCfg = Debug|Any CPU
		{5E6A834E-D7C9-42F5-8E2C-CD4CA7828F9B}.Debug|x64.Build.0 = Debug|Any CPU
		{5E6A834E-D7C9-42F5-8E2C-CD4CA7828F9B}.Release|Any CPU.ActiveCfg = Release|Any CPU
		{5E6A834E-D7C9-42F5-8E2C-CD4CA7828F9B}.Release|Any CPU.Build.0 = Release|Any CPU
		{5E6A834E-D7C9-42F5-8E2C-CD4CA7828F9B}.Release|x64.ActiveCfg = Release|Any CPU
		{5E6A834E-D7C9-42F5-8E2C-CD4CA7828F9B}.Release|x64.Build.0 = Release|Any CPU
		{E48DD69B-FF30-4AC1-952D-1FDEE14039C3}.Debug|Any CPU.ActiveCfg = Debug|Any CPU
		{E48DD69B-FF30-4AC1-952D-1FDEE14039C3}.Debug|Any CPU.Build.0 = Debug|Any CPU
		{E48DD69B-FF30-4AC1-952D-1FDEE14039C3}.Debug|x64.ActiveCfg = Debug|Any CPU
		{E48DD69B-FF30-4AC1-952D-1FDEE14039C3}.Debug|x64.Build.0 = Debug|Any CPU
		{E48DD69B-FF30-4AC1-952D-1FDEE14039C3}.Release|Any CPU.ActiveCfg = Release|Any CPU
		{E48DD69B-FF30-4AC1-952D-1FDEE14039C3}.Release|Any CPU.Build.0 = Release|Any CPU
		{E48DD69B-FF30-4AC1-952D-1FDEE14039C3}.Release|x64.ActiveCfg = Release|Any CPU
		{E48DD69B-FF30-4AC1-952D-1FDEE14039C3}.Release|x64.Build.0 = Release|Any CPU
	EndGlobalSection
	GlobalSection(SolutionProperties) = preSolution
		HideSolutionNode = FALSE
	EndGlobalSection
	GlobalSection(ExtensibilityGlobals) = postSolution
		SolutionGuid = {1247E68E-1BB6-4FAE-AA81-88071AF468F8}
	EndGlobalSection
EndGlobal
